
Microsoft Visual Studio Solution File, Format Version 12.00
# Visual Studio 15
VisualStudioVersion = 15.0.28307.1062
MinimumVisualStudioVersion = 10.0.40219.1
Project("{FAE04EC0-301F-11D3-BF4B-00C04F79EFBC}") = "WCI", "WCI\WCI.csproj", "{84D32A22-7977-47CB-BD4C-AFC804840DE4}"
EndProject
Global
	GlobalSection(SolutionConfigurationPlatforms) = preSolution
		Debug|Any CPU = Debug|Any CPU
		Release|Any CPU = Release|Any CPU
	EndGlobalSection
	GlobalSection(ProjectConfigurationPlatforms) = postSolution
		{84D32A22-7977-47CB-BD4C-AFC804840DE4}.Debug|Any CPU.ActiveCfg = Debug|Any CPU
		{84D32A22-7977-47CB-BD4C-AFC804840DE4}.Debug|Any CPU.Build.0 = Debug|Any CPU
		{84D32A22-7977-47CB-BD4C-AFC804840DE4}.Release|Any CPU.ActiveCfg = Release|Any CPU
		{84D32A22-7977-47CB-BD4C-AFC804840DE4}.Release|Any CPU.Build.0 = Release|Any CPU
	EndGlobalSection
	GlobalSection(SolutionProperties) = preSolution
		HideSolutionNode = FALSE
	EndGlobalSection
	GlobalSection(ExtensibilityGlobals) = postSolution
		SolutionGuid = {86DD01EA-0DC0-41A2-891C-88C689B905F1}
	EndGlobalSection
EndGlobal
